
Microsoft Visual Studio Solution File, Format Version 12.00
# Visual Studio Version 16
VisualStudioVersion = 16.0.31205.134
MinimumVisualStudioVersion = 10.0.40219.1
Project("{2150E333-8FDC-42A3-9474-1A3956D46DE8}") = "Core", "Core", "{EE78DDE0-96C0-4DC4-A54D-E25F77383B28}"
EndProject
Project("{2150E333-8FDC-42A3-9474-1A3956D46DE8}") = "Modules", "Modules", "{E3C6E71F-F5DC-4943-8CD1-59810FF74DE3}"
EndProject
Project("{2150E333-8FDC-42A3-9474-1A3956D46DE8}") = "Membership", "Membership", "{E0448AAE-AB5C-4AE4-8C75-3D339A3155B5}"
EndProject
Project("{FAE04EC0-301F-11D3-BF4B-00C04F79EFBC}") = "MediAR.Modules.Membership.Core", "Modules\Membership\MediAR.Modules.Membership.Core\MediAR.Modules.Membership.Core.csproj", "{E9E6C4EA-B3DA-4CBE-8D96-742B5975C949}"
EndProject
Project("{FAE04EC0-301F-11D3-BF4B-00C04F79EFBC}") = "MediAR.Core.Contracts", "Core\MediAR.Core.Contracts\MediAR.Core.Contracts.csproj", "{1B3D9372-E517-4D95-BC8F-84F0B8CF9A12}"
EndProject
Project("{FAE04EC0-301F-11D3-BF4B-00C04F79EFBC}") = "MediAR.Modules.Membership.Api", "Modules\Membership\MediAR.Modules.Membership.Api\MediAR.Modules.Membership.Api.csproj", "{0F9B5BE4-C269-4E41-ACBA-AF91A3159642}"
EndProject
Project("{FAE04EC0-301F-11D3-BF4B-00C04F79EFBC}") = "MediAR.Core.Infrastructure", "Core\MediAR.Core.Infrastructure\MediAR.Core.Infrastructure.csproj", "{469EF16C-8B2B-4131-8907-3D82FC43167F}"
EndProject
Project("{2150E333-8FDC-42A3-9474-1A3956D46DE8}") = "MainApi", "MainApi", "{D358EE45-FEFC-40B3-A22D-827979EEA6F8}"
EndProject
Project("{FAE04EC0-301F-11D3-BF4B-00C04F79EFBC}") = "MediAR.MainApi", "MainApi\MediAR.MainApi\MediAR.MainApi.csproj", "{6E4BB7BE-123B-4351-A194-E5C75F9FE32B}"
EndProject
Project("{2150E333-8FDC-42A3-9474-1A3956D46DE8}") = "TenantManagement", "TenantManagement", "{8C7131C4-79CB-425F-B33B-AE7FB84CD8A7}"
EndProject
Project("{FAE04EC0-301F-11D3-BF4B-00C04F79EFBC}") = "MediAR.Modules.TenantManagement.Core", "Modules\TenantManagement\MediAR.Modules.TenantManagement.Core\MediAR.Modules.TenantManagement.Core.csproj", "{AE0E645F-63DB-42E2-AB8D-2DC8F9E40CA4}"
EndProject
Project("{FAE04EC0-301F-11D3-BF4B-00C04F79EFBC}") = "MediAR.Modules.TenantManagement.Api", "Modules\TenantManagement\MediAR.Modules.TenantManagement.Api\MediAR.Modules.TenantManagement.Api.csproj", "{4EB4C3B0-BDC8-4B73-963F-44194D873949}"
EndProject
Global
	GlobalSection(SolutionConfigurationPlatforms) = preSolution
		Debug|Any CPU = Debug|Any CPU
		Release|Any CPU = Release|Any CPU
	EndGlobalSection
	GlobalSection(ProjectConfigurationPlatforms) = postSolution
		{E9E6C4EA-B3DA-4CBE-8D96-742B5975C949}.Debug|Any CPU.ActiveCfg = Debug|Any CPU
		{E9E6C4EA-B3DA-4CBE-8D96-742B5975C949}.Debug|Any CPU.Build.0 = Debug|Any CPU
		{E9E6C4EA-B3DA-4CBE-8D96-742B5975C949}.Release|Any CPU.ActiveCfg = Release|Any CPU
		{E9E6C4EA-B3DA-4CBE-8D96-742B5975C949}.Release|Any CPU.Build.0 = Release|Any CPU
		{1B3D9372-E517-4D95-BC8F-84F0B8CF9A12}.Debug|Any CPU.ActiveCfg = Debug|Any CPU
		{1B3D9372-E517-4D95-BC8F-84F0B8CF9A12}.Debug|Any CPU.Build.0 = Debug|Any CPU
		{1B3D9372-E517-4D95-BC8F-84F0B8CF9A12}.Release|Any CPU.ActiveCfg = Release|Any CPU
		{1B3D9372-E517-4D95-BC8F-84F0B8CF9A12}.Release|Any CPU.Build.0 = Release|Any CPU
		{0F9B5BE4-C269-4E41-ACBA-AF91A3159642}.Debug|Any CPU.ActiveCfg = Debug|Any CPU
		{0F9B5BE4-C269-4E41-ACBA-AF91A3159642}.Debug|Any CPU.Build.0 = Debug|Any CPU
		{0F9B5BE4-C269-4E41-ACBA-AF91A3159642}.Release|Any CPU.ActiveCfg = Release|Any CPU
		{0F9B5BE4-C269-4E41-ACBA-AF91A3159642}.Release|Any CPU.Build.0 = Release|Any CPU
		{469EF16C-8B2B-4131-8907-3D82FC43167F}.Debug|Any CPU.ActiveCfg = Debug|Any CPU
		{469EF16C-8B2B-4131-8907-3D82FC43167F}.Debug|Any CPU.Build.0 = Debug|Any CPU
		{469EF16C-8B2B-4131-8907-3D82FC43167F}.Release|Any CPU.ActiveCfg = Release|Any CPU
		{469EF16C-8B2B-4131-8907-3D82FC43167F}.Release|Any CPU.Build.0 = Release|Any CPU
		{6E4BB7BE-123B-4351-A194-E5C75F9FE32B}.Debug|Any CPU.ActiveCfg = Debug|Any CPU
		{6E4BB7BE-123B-4351-A194-E5C75F9FE32B}.Debug|Any CPU.Build.0 = Debug|Any CPU
		{6E4BB7BE-123B-4351-A194-E5C75F9FE32B}.Release|Any CPU.ActiveCfg = Release|Any CPU
		{6E4BB7BE-123B-4351-A194-E5C75F9FE32B}.Release|Any CPU.Build.0 = Release|Any CPU
		{AE0E645F-63DB-42E2-AB8D-2DC8F9E40CA4}.Debug|Any CPU.ActiveCfg = Debug|Any CPU
		{AE0E645F-63DB-42E2-AB8D-2DC8F9E40CA4}.Debug|Any CPU.Build.0 = Debug|Any CPU
		{AE0E645F-63DB-42E2-AB8D-2DC8F9E40CA4}.Release|Any CPU.ActiveCfg = Release|Any CPU
		{AE0E645F-63DB-42E2-AB8D-2DC8F9E40CA4}.Release|Any CPU.Build.0 = Release|Any CPU
		{4EB4C3B0-BDC8-4B73-963F-44194D873949}.Debug|Any CPU.ActiveCfg = Debug|Any CPU
		{4EB4C3B0-BDC8-4B73-963F-44194D873949}.Debug|Any CPU.Build.0 = Debug|Any CPU
		{4EB4C3B0-BDC8-4B73-963F-44194D873949}.Release|Any CPU.ActiveCfg = Release|Any CPU
		{4EB4C3B0-BDC8-4B73-963F-44194D873949}.Release|Any CPU.Build.0 = Release|Any CPU
	EndGlobalSection
	GlobalSection(SolutionProperties) = preSolution
		HideSolutionNode = FALSE
	EndGlobalSection
	GlobalSection(NestedProjects) = preSolution
		{E0448AAE-AB5C-4AE4-8C75-3D339A3155B5} = {E3C6E71F-F5DC-4943-8CD1-59810FF74DE3}
		{E9E6C4EA-B3DA-4CBE-8D96-742B5975C949} = {E0448AAE-AB5C-4AE4-8C75-3D339A3155B5}
		{1B3D9372-E517-4D95-BC8F-84F0B8CF9A12} = {EE78DDE0-96C0-4DC4-A54D-E25F77383B28}
		{0F9B5BE4-C269-4E41-ACBA-AF91A3159642} = {E0448AAE-AB5C-4AE4-8C75-3D339A3155B5}
		{469EF16C-8B2B-4131-8907-3D82FC43167F} = {EE78DDE0-96C0-4DC4-A54D-E25F77383B28}
		{6E4BB7BE-123B-4351-A194-E5C75F9FE32B} = {D358EE45-FEFC-40B3-A22D-827979EEA6F8}
		{8C7131C4-79CB-425F-B33B-AE7FB84CD8A7} = {E3C6E71F-F5DC-4943-8CD1-59810FF74DE3}
		{AE0E645F-63DB-42E2-AB8D-2DC8F9E40CA4} = {8C7131C4-79CB-425F-B33B-AE7FB84CD8A7}
		{4EB4C3B0-BDC8-4B73-963F-44194D873949} = {8C7131C4-79CB-425F-B33B-AE7FB84CD8A7}
	EndGlobalSection
	GlobalSection(ExtensibilityGlobals) = postSolution
		SolutionGuid = {3276A8A1-E4D7-4A02-908C-8B55D044F5DD}
	EndGlobalSection
EndGlobal
