
Microsoft Visual Studio Solution File, Format Version 12.00
# Visual Studio Version 16
VisualStudioVersion = 16.0.31205.134
MinimumVisualStudioVersion = 10.0.40219.1
Project("{2150E333-8FDC-42A3-9474-1A3956D46DE8}") = "Core", "Core", "{EE78DDE0-96C0-4DC4-A54D-E25F77383B28}"
EndProject
Project("{9A19103F-16F7-4668-BE54-9A1E7A4F7556}") = "MediAR.Core.Domain", "Core\MediAR.Core.Domain\MediAR.Core.Domain.csproj", "{4D837206-5022-421E-B055-540CD40732ED}"
EndProject
Project("{FAE04EC0-301F-11D3-BF4B-00C04F79EFBC}") = "MediAR.Core.Application", "Core\MediAR.Core.Application\MediAR.Core.Application.csproj", "{0216E2A5-AD63-4BF4-ACCF-406437CC862E}"
EndProject
Project("{FAE04EC0-301F-11D3-BF4B-00C04F79EFBC}") = "MediAR.Core.Infrastructure", "Core\MediAR.Core.Infrastructure\MediAR.Core.Infrastructure.csproj", "{3195E11E-F882-4581-B0D7-3B36728DADC5}"
EndProject
Global
	GlobalSection(SolutionConfigurationPlatforms) = preSolution
		Debug|Any CPU = Debug|Any CPU
		Release|Any CPU = Release|Any CPU
	EndGlobalSection
	GlobalSection(ProjectConfigurationPlatforms) = postSolution
		{4D837206-5022-421E-B055-540CD40732ED}.Debug|Any CPU.ActiveCfg = Debug|Any CPU
		{4D837206-5022-421E-B055-540CD40732ED}.Debug|Any CPU.Build.0 = Debug|Any CPU
		{4D837206-5022-421E-B055-540CD40732ED}.Release|Any CPU.ActiveCfg = Release|Any CPU
		{4D837206-5022-421E-B055-540CD40732ED}.Release|Any CPU.Build.0 = Release|Any CPU
		{0216E2A5-AD63-4BF4-ACCF-406437CC862E}.Debug|Any CPU.ActiveCfg = Debug|Any CPU
		{0216E2A5-AD63-4BF4-ACCF-406437CC862E}.Debug|Any CPU.Build.0 = Debug|Any CPU
		{0216E2A5-AD63-4BF4-ACCF-406437CC862E}.Release|Any CPU.ActiveCfg = Release|Any CPU
		{0216E2A5-AD63-4BF4-ACCF-406437CC862E}.Release|Any CPU.Build.0 = Release|Any CPU
		{3195E11E-F882-4581-B0D7-3B36728DADC5}.Debug|Any CPU.ActiveCfg = Debug|Any CPU
		{3195E11E-F882-4581-B0D7-3B36728DADC5}.Debug|Any CPU.Build.0 = Debug|Any CPU
		{3195E11E-F882-4581-B0D7-3B36728DADC5}.Release|Any CPU.ActiveCfg = Release|Any CPU
		{3195E11E-F882-4581-B0D7-3B36728DADC5}.Release|Any CPU.Build.0 = Release|Any CPU
	EndGlobalSection
	GlobalSection(SolutionProperties) = preSolution
		HideSolutionNode = FALSE
	EndGlobalSection
	GlobalSection(NestedProjects) = preSolution
		{4D837206-5022-421E-B055-540CD40732ED} = {EE78DDE0-96C0-4DC4-A54D-E25F77383B28}
		{0216E2A5-AD63-4BF4-ACCF-406437CC862E} = {EE78DDE0-96C0-4DC4-A54D-E25F77383B28}
		{3195E11E-F882-4581-B0D7-3B36728DADC5} = {EE78DDE0-96C0-4DC4-A54D-E25F77383B28}
	EndGlobalSection
	GlobalSection(ExtensibilityGlobals) = postSolution
		SolutionGuid = {3276A8A1-E4D7-4A02-908C-8B55D044F5DD}
	EndGlobalSection
EndGlobal
